
Microsoft Visual Studio Solution File, Format Version 12.00
# Visual Studio Version 17
VisualStudioVersion = 17.4.33213.308
MinimumVisualStudioVersion = 10.0.40219.1
Project("{FAE04EC0-301F-11D3-BF4B-00C04F79EFBC}") = "CustomValidation", "CustomValidation.csproj", "{B23FE73F-8509-4F86-A9B3-47391EEDD2BB}"
EndProject
Global
	GlobalSection(SolutionConfigurationPlatforms) = preSolution
		Debug|Any CPU = Debug|Any CPU
		Release|Any CPU = Release|Any CPU
	EndGlobalSection
	GlobalSection(ProjectConfigurationPlatforms) = postSolution
		{B23FE73F-8509-4F86-A9B3-47391EEDD2BB}.Debug|Any CPU.ActiveCfg = Debug|Any CPU
		{B23FE73F-8509-4F86-A9B3-47391EEDD2BB}.Debug|Any CPU.Build.0 = Debug|Any CPU
		{B23FE73F-8509-4F86-A9B3-47391EEDD2BB}.Release|Any CPU.ActiveCfg = Release|Any CPU
		{B23FE73F-8509-4F86-A9B3-47391EEDD2BB}.Release|Any CPU.Build.0 = Release|Any CPU
	EndGlobalSection
	GlobalSection(SolutionProperties) = preSolution
		HideSolutionNode = FALSE
	EndGlobalSection
	GlobalSection(ExtensibilityGlobals) = postSolution
		SolutionGuid = {B0781E02-58F2-496F-AD80-D3B62C1406C4}
	EndGlobalSection
EndGlobal
